<Solution>
  <Project Path="Common/Common.csproj" />
  <Project Path="Day01/Day01.csproj" />
  <Project Path="Day02/Day02.csproj" Id="68682a94-6175-4f36-85b0-a787dbb62e09" />
  <Project Path="Day03/Day03.csproj" Id="d9fdea65-4d26-43bd-bac3-31d2f7902a1f" />
  <Project Path="Day04/Day04.csproj" Id="b96afb39-8292-4cbb-9676-c903bc71d871" />
  <Project Path="Day05/Day05.csproj" Id="7cbdbdeb-5982-4c11-b400-8efb8e535315" />
  <Project Path="Day06/Day06.csproj" Id="209949e9-c829-4371-a45d-9969d598a664" />
  <Project Path="Day07/Day07.csproj" Id="a17d120c-1860-45a8-9e4c-be725a68e691" />
  <Project Path="Day08/Day08.csproj" Id="cbf27277-bd92-409c-99ab-c6e9cd715508" />
  <Project Path="Solver/Solver.csproj" />
</Solution>
